// !$*UTF8*$!
{
	archiveVersion = 1;
	classes = {
	};
	objectVersion = 56;
	objects = {

/* Begin PBXBuildFile section */
		985B4E332B1F119A00D65A91 /* RMGetAllCharacterResponse.swift in Sources */ = {isa = PBXBuildFile; fileRef = 985B4E322B1F119A00D65A91 /* RMGetAllCharacterResponse.swift */; };
		985B4E352B1F1EC800D65A91 /* RMCharacterLVVIewModel.swift in Sources */ = {isa = PBXBuildFile; fileRef = 985B4E342B1F1EC800D65A91 /* RMCharacterLVVIewModel.swift */; };
		985B4E372B1F1FCE00D65A91 /* RMCharacterListView.swift in Sources */ = {isa = PBXBuildFile; fileRef = 985B4E362B1F1FCE00D65A91 /* RMCharacterListView.swift */; };
		985B4E392B1F291400D65A91 /* Extensions.swift in Sources */ = {isa = PBXBuildFile; fileRef = 985B4E382B1F291400D65A91 /* Extensions.swift */; };
		985B4E3B2B1F374F00D65A91 /* RMCharacterCollectionViewCell.swift in Sources */ = {isa = PBXBuildFile; fileRef = 985B4E3A2B1F374F00D65A91 /* RMCharacterCollectionViewCell.swift */; };
		985B4E3D2B1F39F600D65A91 /* RMCharacterCollectionViewCellVewModel.swift in Sources */ = {isa = PBXBuildFile; fileRef = 985B4E3C2B1F39F600D65A91 /* RMCharacterCollectionViewCellVewModel.swift */; };
		989E85D92B1DA9D500BC8727 /* RMService.swift in Sources */ = {isa = PBXBuildFile; fileRef = 989E85D82B1DA9D500BC8727 /* RMService.swift */; };
		989E85DB2B1DA9E700BC8727 /* RMRequest.swift in Sources */ = {isa = PBXBuildFile; fileRef = 989E85DA2B1DA9E700BC8727 /* RMRequest.swift */; };
		989E85DD2B1DAAD900BC8727 /* RMEndpoint.swift in Sources */ = {isa = PBXBuildFile; fileRef = 989E85DC2B1DAAD900BC8727 /* RMEndpoint.swift */; };
		989E85DF2B1DC59F00BC8727 /* RMOrigin.swift in Sources */ = {isa = PBXBuildFile; fileRef = 989E85DE2B1DC59F00BC8727 /* RMOrigin.swift */; };
		989E85E12B1DC69400BC8727 /* RMCharacterStatGen.swift in Sources */ = {isa = PBXBuildFile; fileRef = 989E85E02B1DC69400BC8727 /* RMCharacterStatGen.swift */; };
		98F96B692B1C757300EB692E /* AppDelegate.swift in Sources */ = {isa = PBXBuildFile; fileRef = 98F96B682B1C757300EB692E /* AppDelegate.swift */; };
		98F96B6B2B1C757300EB692E /* SceneDelegate.swift in Sources */ = {isa = PBXBuildFile; fileRef = 98F96B6A2B1C757300EB692E /* SceneDelegate.swift */; };
		98F96B6D2B1C757300EB692E /* RMTabBarController.swift in Sources */ = {isa = PBXBuildFile; fileRef = 98F96B6C2B1C757300EB692E /* RMTabBarController.swift */; };
		98F96B722B1C757500EB692E /* Assets.xcassets in Resources */ = {isa = PBXBuildFile; fileRef = 98F96B712B1C757500EB692E /* Assets.xcassets */; };
		98F96B752B1C757500EB692E /* LaunchScreen.storyboard in Resources */ = {isa = PBXBuildFile; fileRef = 98F96B732B1C757500EB692E /* LaunchScreen.storyboard */; };
		98F96B802B1C757500EB692E /* RickAndMortyTests.swift in Sources */ = {isa = PBXBuildFile; fileRef = 98F96B7F2B1C757500EB692E /* RickAndMortyTests.swift */; };
		98F96B8A2B1C757500EB692E /* RickAndMortyUITests.swift in Sources */ = {isa = PBXBuildFile; fileRef = 98F96B892B1C757500EB692E /* RickAndMortyUITests.swift */; };
		98F96B8C2B1C757500EB692E /* RickAndMortyUITestsLaunchTests.swift in Sources */ = {isa = PBXBuildFile; fileRef = 98F96B8B2B1C757500EB692E /* RickAndMortyUITestsLaunchTests.swift */; };
		98F96BA02B1CA4A200EB692E /* RMLocation.swift in Sources */ = {isa = PBXBuildFile; fileRef = 98F96B9F2B1CA4A200EB692E /* RMLocation.swift */; };
		98F96BA22B1CA4B300EB692E /* RmCharacter.swift in Sources */ = {isa = PBXBuildFile; fileRef = 98F96BA12B1CA4B300EB692E /* RmCharacter.swift */; };
		98F96BA42B1CA4BB00EB692E /* RmEpisode.swift in Sources */ = {isa = PBXBuildFile; fileRef = 98F96BA32B1CA4BB00EB692E /* RmEpisode.swift */; };
		98F96BA72B1CA5EE00EB692E /* RMCharacterViewController.swift in Sources */ = {isa = PBXBuildFile; fileRef = 98F96BA62B1CA5EE00EB692E /* RMCharacterViewController.swift */; };
		98F96BA92B1CA62C00EB692E /* RMLocationViewController.swift in Sources */ = {isa = PBXBuildFile; fileRef = 98F96BA82B1CA62C00EB692E /* RMLocationViewController.swift */; };
		98F96BAB2B1CA63900EB692E /* RMEpisodeViewController.swift in Sources */ = {isa = PBXBuildFile; fileRef = 98F96BAA2B1CA63900EB692E /* RMEpisodeViewController.swift */; };
		98F96BAD2B1CA64800EB692E /* RMSettingsViewController.swift in Sources */ = {isa = PBXBuildFile; fileRef = 98F96BAC2B1CA64800EB692E /* RMSettingsViewController.swift */; };
/* End PBXBuildFile section */

/* Begin PBXContainerItemProxy section */
		98F96B7C2B1C757500EB692E /* PBXContainerItemProxy */ = {
			isa = PBXContainerItemProxy;
			containerPortal = 98F96B5D2B1C757300EB692E /* Project object */;
			proxyType = 1;
			remoteGlobalIDString = 98F96B642B1C757300EB692E;
			remoteInfo = RickAndMorty;
		};
		98F96B862B1C757500EB692E /* PBXContainerItemProxy */ = {
			isa = PBXContainerItemProxy;
			containerPortal = 98F96B5D2B1C757300EB692E /* Project object */;
			proxyType = 1;
			remoteGlobalIDString = 98F96B642B1C757300EB692E;
			remoteInfo = RickAndMorty;
		};
/* End PBXContainerItemProxy section */

/* Begin PBXFileReference section */
		985B4E322B1F119A00D65A91 /* RMGetAllCharacterResponse.swift */ = {isa = PBXFileReference; lastKnownFileType = sourcecode.swift; path = RMGetAllCharacterResponse.swift; sourceTree = "<group>"; };
		985B4E342B1F1EC800D65A91 /* RMCharacterLVVIewModel.swift */ = {isa = PBXFileReference; lastKnownFileType = sourcecode.swift; path = RMCharacterLVVIewModel.swift; sourceTree = "<group>"; };
		985B4E362B1F1FCE00D65A91 /* RMCharacterListView.swift */ = {isa = PBXFileReference; lastKnownFileType = sourcecode.swift; path = RMCharacterListView.swift; sourceTree = "<group>"; };
		985B4E382B1F291400D65A91 /* Extensions.swift */ = {isa = PBXFileReference; lastKnownFileType = sourcecode.swift; path = Extensions.swift; sourceTree = "<group>"; };
		985B4E3A2B1F374F00D65A91 /* RMCharacterCollectionViewCell.swift */ = {isa = PBXFileReference; lastKnownFileType = sourcecode.swift; path = RMCharacterCollectionViewCell.swift; sourceTree = "<group>"; };
		985B4E3C2B1F39F600D65A91 /* RMCharacterCollectionViewCellVewModel.swift */ = {isa = PBXFileReference; lastKnownFileType = sourcecode.swift; path = RMCharacterCollectionViewCellVewModel.swift; sourceTree = "<group>"; };
		989E85D82B1DA9D500BC8727 /* RMService.swift */ = {isa = PBXFileReference; lastKnownFileType = sourcecode.swift; path = RMService.swift; sourceTree = "<group>"; };
		989E85DA2B1DA9E700BC8727 /* RMRequest.swift */ = {isa = PBXFileReference; lastKnownFileType = sourcecode.swift; path = RMRequest.swift; sourceTree = "<group>"; };
		989E85DC2B1DAAD900BC8727 /* RMEndpoint.swift */ = {isa = PBXFileReference; lastKnownFileType = sourcecode.swift; path = RMEndpoint.swift; sourceTree = "<group>"; };
		989E85DE2B1DC59F00BC8727 /* RMOrigin.swift */ = {isa = PBXFileReference; lastKnownFileType = sourcecode.swift; path = RMOrigin.swift; sourceTree = "<group>"; };
		989E85E02B1DC69400BC8727 /* RMCharacterStatGen.swift */ = {isa = PBXFileReference; lastKnownFileType = sourcecode.swift; path = RMCharacterStatGen.swift; sourceTree = "<group>"; };
		98F96B652B1C757300EB692E /* RickAndMorty.app */ = {isa = PBXFileReference; explicitFileType = wrapper.application; includeInIndex = 0; path = RickAndMorty.app; sourceTree = BUILT_PRODUCTS_DIR; };
		98F96B682B1C757300EB692E /* AppDelegate.swift */ = {isa = PBXFileReference; lastKnownFileType = sourcecode.swift; path = AppDelegate.swift; sourceTree = "<group>"; };
		98F96B6A2B1C757300EB692E /* SceneDelegate.swift */ = {isa = PBXFileReference; lastKnownFileType = sourcecode.swift; path = SceneDelegate.swift; sourceTree = "<group>"; };
		98F96B6C2B1C757300EB692E /* RMTabBarController.swift */ = {isa = PBXFileReference; lastKnownFileType = sourcecode.swift; path = RMTabBarController.swift; sourceTree = "<group>"; };
		98F96B712B1C757500EB692E /* Assets.xcassets */ = {isa = PBXFileReference; lastKnownFileType = folder.assetcatalog; path = Assets.xcassets; sourceTree = "<group>"; };
		98F96B742B1C757500EB692E /* Base */ = {isa = PBXFileReference; lastKnownFileType = file.storyboard; name = Base; path = Base.lproj/LaunchScreen.storyboard; sourceTree = "<group>"; };
		98F96B762B1C757500EB692E /* Info.plist */ = {isa = PBXFileReference; lastKnownFileType = text.plist.xml; path = Info.plist; sourceTree = "<group>"; };
		98F96B7B2B1C757500EB692E /* RickAndMortyTests.xctest */ = {isa = PBXFileReference; explicitFileType = wrapper.cfbundle; includeInIndex = 0; path = RickAndMortyTests.xctest; sourceTree = BUILT_PRODUCTS_DIR; };
		98F96B7F2B1C757500EB692E /* RickAndMortyTests.swift */ = {isa = PBXFileReference; lastKnownFileType = sourcecode.swift; path = RickAndMortyTests.swift; sourceTree = "<group>"; };
		98F96B852B1C757500EB692E /* RickAndMortyUITests.xctest */ = {isa = PBXFileReference; explicitFileType = wrapper.cfbundle; includeInIndex = 0; path = RickAndMortyUITests.xctest; sourceTree = BUILT_PRODUCTS_DIR; };
		98F96B892B1C757500EB692E /* RickAndMortyUITests.swift */ = {isa = PBXFileReference; lastKnownFileType = sourcecode.swift; path = RickAndMortyUITests.swift; sourceTree = "<group>"; };
		98F96B8B2B1C757500EB692E /* RickAndMortyUITestsLaunchTests.swift */ = {isa = PBXFileReference; lastKnownFileType = sourcecode.swift; path = RickAndMortyUITestsLaunchTests.swift; sourceTree = "<group>"; };
		98F96B9F2B1CA4A200EB692E /* RMLocation.swift */ = {isa = PBXFileReference; lastKnownFileType = sourcecode.swift; path = RMLocation.swift; sourceTree = "<group>"; };
		98F96BA12B1CA4B300EB692E /* RmCharacter.swift */ = {isa = PBXFileReference; lastKnownFileType = sourcecode.swift; path = RmCharacter.swift; sourceTree = "<group>"; };
		98F96BA32B1CA4BB00EB692E /* RmEpisode.swift */ = {isa = PBXFileReference; lastKnownFileType = sourcecode.swift; path = RmEpisode.swift; sourceTree = "<group>"; };
		98F96BA62B1CA5EE00EB692E /* RMCharacterViewController.swift */ = {isa = PBXFileReference; lastKnownFileType = sourcecode.swift; path = RMCharacterViewController.swift; sourceTree = "<group>"; };
		98F96BA82B1CA62C00EB692E /* RMLocationViewController.swift */ = {isa = PBXFileReference; lastKnownFileType = sourcecode.swift; path = RMLocationViewController.swift; sourceTree = "<group>"; };
		98F96BAA2B1CA63900EB692E /* RMEpisodeViewController.swift */ = {isa = PBXFileReference; lastKnownFileType = sourcecode.swift; path = RMEpisodeViewController.swift; sourceTree = "<group>"; };
		98F96BAC2B1CA64800EB692E /* RMSettingsViewController.swift */ = {isa = PBXFileReference; lastKnownFileType = sourcecode.swift; path = RMSettingsViewController.swift; sourceTree = "<group>"; };
/* End PBXFileReference section */

/* Begin PBXFrameworksBuildPhase section */
		98F96B622B1C757300EB692E /* Frameworks */ = {
			isa = PBXFrameworksBuildPhase;
			buildActionMask = 2147483647;
			files = (
			);
			runOnlyForDeploymentPostprocessing = 0;
		};
		98F96B782B1C757500EB692E /* Frameworks */ = {
			isa = PBXFrameworksBuildPhase;
			buildActionMask = 2147483647;
			files = (
			);
			runOnlyForDeploymentPostprocessing = 0;
		};
		98F96B822B1C757500EB692E /* Frameworks */ = {
			isa = PBXFrameworksBuildPhase;
			buildActionMask = 2147483647;
			files = (
			);
			runOnlyForDeploymentPostprocessing = 0;
		};
/* End PBXFrameworksBuildPhase section */

/* Begin PBXGroup section */
		985B4E302B1F107200D65A91 /* DataTypes */ = {
			isa = PBXGroup;
			children = (
				98F96B9F2B1CA4A200EB692E /* RMLocation.swift */,
				98F96BA12B1CA4B300EB692E /* RmCharacter.swift */,
				98F96BA32B1CA4BB00EB692E /* RmEpisode.swift */,
				989E85DE2B1DC59F00BC8727 /* RMOrigin.swift */,
				989E85E02B1DC69400BC8727 /* RMCharacterStatGen.swift */,
			);
			path = DataTypes;
			sourceTree = "<group>";
		};
		985B4E312B1F108100D65A91 /* APIResponseTypes */ = {
			isa = PBXGroup;
			children = (
				985B4E322B1F119A00D65A91 /* RMGetAllCharacterResponse.swift */,
			);
			path = APIResponseTypes;
			sourceTree = "<group>";
		};
		98F96B5C2B1C757300EB692E = {
			isa = PBXGroup;
			children = (
				98F96B672B1C757300EB692E /* RickAndMorty */,
				98F96B7E2B1C757500EB692E /* RickAndMortyTests */,
				98F96B882B1C757500EB692E /* RickAndMortyUITests */,
				98F96B662B1C757300EB692E /* Products */,
			);
			sourceTree = "<group>";
		};
		98F96B662B1C757300EB692E /* Products */ = {
			isa = PBXGroup;
			children = (
				98F96B652B1C757300EB692E /* RickAndMorty.app */,
				98F96B7B2B1C757500EB692E /* RickAndMortyTests.xctest */,
				98F96B852B1C757500EB692E /* RickAndMortyUITests.xctest */,
			);
			name = Products;
			sourceTree = "<group>";
		};
		98F96B672B1C757300EB692E /* RickAndMorty */ = {
			isa = PBXGroup;
			children = (
				98F96B9E2B1CA3A800EB692E /* Managers */,
				98F96B9D2B1CA35700EB692E /* ApiClients */,
				98F96B9C2B1CA34900EB692E /* ViewModels */,
				98F96B9B2B1CA33D00EB692E /* Views */,
				98F96B9A2B1CA32E00EB692E /* Models */,
				98F96B992B1CA30600EB692E /* Controllers */,
				98F96B982B1CA2F000EB692E /* Resources */,
				98F96B762B1C757500EB692E /* Info.plist */,
			);
			path = RickAndMorty;
			sourceTree = "<group>";
		};
		98F96B7E2B1C757500EB692E /* RickAndMortyTests */ = {
			isa = PBXGroup;
			children = (
				98F96B7F2B1C757500EB692E /* RickAndMortyTests.swift */,
			);
			path = RickAndMortyTests;
			sourceTree = "<group>";
		};
		98F96B882B1C757500EB692E /* RickAndMortyUITests */ = {
			isa = PBXGroup;
			children = (
				98F96B892B1C757500EB692E /* RickAndMortyUITests.swift */,
				98F96B8B2B1C757500EB692E /* RickAndMortyUITestsLaunchTests.swift */,
			);
			path = RickAndMortyUITests;
			sourceTree = "<group>";
		};
		98F96B982B1CA2F000EB692E /* Resources */ = {
			isa = PBXGroup;
			children = (
				98F96B712B1C757500EB692E /* Assets.xcassets */,
				98F96B732B1C757500EB692E /* LaunchScreen.storyboard */,
				98F96B682B1C757300EB692E /* AppDelegate.swift */,
				98F96B6A2B1C757300EB692E /* SceneDelegate.swift */,
				985B4E382B1F291400D65A91 /* Extensions.swift */,
			);
			path = Resources;
			sourceTree = "<group>";
		};
		98F96B992B1CA30600EB692E /* Controllers */ = {
			isa = PBXGroup;
			children = (
				98F96BA52B1CA56300EB692E /* Core */,
			);
			path = Controllers;
			sourceTree = "<group>";
		};
		98F96B9A2B1CA32E00EB692E /* Models */ = {
			isa = PBXGroup;
			children = (
				985B4E312B1F108100D65A91 /* APIResponseTypes */,
				985B4E302B1F107200D65A91 /* DataTypes */,
			);
			path = Models;
			sourceTree = "<group>";
		};
		98F96B9B2B1CA33D00EB692E /* Views */ = {
			isa = PBXGroup;
			children = (
				985B4E362B1F1FCE00D65A91 /* RMCharacterListView.swift */,
				985B4E3A2B1F374F00D65A91 /* RMCharacterCollectionViewCell.swift */,
			);
			path = Views;
			sourceTree = "<group>";
		};
		98F96B9C2B1CA34900EB692E /* ViewModels */ = {
			isa = PBXGroup;
			children = (
				985B4E342B1F1EC800D65A91 /* RMCharacterLVVIewModel.swift */,
				985B4E3C2B1F39F600D65A91 /* RMCharacterCollectionViewCellVewModel.swift */,
			);
			path = ViewModels;
			sourceTree = "<group>";
		};
		98F96B9D2B1CA35700EB692E /* ApiClients */ = {
			isa = PBXGroup;
			children = (
				989E85D82B1DA9D500BC8727 /* RMService.swift */,
				989E85DA2B1DA9E700BC8727 /* RMRequest.swift */,
				989E85DC2B1DAAD900BC8727 /* RMEndpoint.swift */,
			);
			path = ApiClients;
			sourceTree = "<group>";
		};
		98F96B9E2B1CA3A800EB692E /* Managers */ = {
			isa = PBXGroup;
			children = (
			);
			path = Managers;
			sourceTree = "<group>";
		};
		98F96BA52B1CA56300EB692E /* Core */ = {
			isa = PBXGroup;
			children = (
				98F96B6C2B1C757300EB692E /* RMTabBarController.swift */,
				98F96BA62B1CA5EE00EB692E /* RMCharacterViewController.swift */,
				98F96BA82B1CA62C00EB692E /* RMLocationViewController.swift */,
				98F96BAA2B1CA63900EB692E /* RMEpisodeViewController.swift */,
				98F96BAC2B1CA64800EB692E /* RMSettingsViewController.swift */,
			);
			path = Core;
			sourceTree = "<group>";
		};
/* End PBXGroup section */

/* Begin PBXNativeTarget section */
		98F96B642B1C757300EB692E /* RickAndMorty */ = {
			isa = PBXNativeTarget;
			buildConfigurationList = 98F96B8F2B1C757500EB692E /* Build configuration list for PBXNativeTarget "RickAndMorty" */;
			buildPhases = (
				98F96B612B1C757300EB692E /* Sources */,
				98F96B622B1C757300EB692E /* Frameworks */,
				98F96B632B1C757300EB692E /* Resources */,
			);
			buildRules = (
			);
			dependencies = (
			);
			name = RickAndMorty;
			productName = RickAndMorty;
			productReference = 98F96B652B1C757300EB692E /* RickAndMorty.app */;
			productType = "com.apple.product-type.application";
		};
		98F96B7A2B1C757500EB692E /* RickAndMortyTests */ = {
			isa = PBXNativeTarget;
			buildConfigurationList = 98F96B922B1C757500EB692E /* Build configuration list for PBXNativeTarget "RickAndMortyTests" */;
			buildPhases = (
				98F96B772B1C757500EB692E /* Sources */,
				98F96B782B1C757500EB692E /* Frameworks */,
				98F96B792B1C757500EB692E /* Resources */,
			);
			buildRules = (
			);
			dependencies = (
				98F96B7D2B1C757500EB692E /* PBXTargetDependency */,
			);
			name = RickAndMortyTests;
			productName = RickAndMortyTests;
			productReference = 98F96B7B2B1C757500EB692E /* RickAndMortyTests.xctest */;
			productType = "com.apple.product-type.bundle.unit-test";
		};
		98F96B842B1C757500EB692E /* RickAndMortyUITests */ = {
			isa = PBXNativeTarget;
			buildConfigurationList = 98F96B952B1C757500EB692E /* Build configuration list for PBXNativeTarget "RickAndMortyUITests" */;
			buildPhases = (
				98F96B812B1C757500EB692E /* Sources */,
				98F96B822B1C757500EB692E /* Frameworks */,
				98F96B832B1C757500EB692E /* Resources */,
			);
			buildRules = (
			);
			dependencies = (
				98F96B872B1C757500EB692E /* PBXTargetDependency */,
			);
			name = RickAndMortyUITests;
			productName = RickAndMortyUITests;
			productReference = 98F96B852B1C757500EB692E /* RickAndMortyUITests.xctest */;
			productType = "com.apple.product-type.bundle.ui-testing";
		};
/* End PBXNativeTarget section */

/* Begin PBXProject section */
		98F96B5D2B1C757300EB692E /* Project object */ = {
			isa = PBXProject;
			attributes = {
				BuildIndependentTargetsInParallel = 1;
				LastSwiftUpdateCheck = 1500;
				LastUpgradeCheck = 1500;
				TargetAttributes = {
					98F96B642B1C757300EB692E = {
						CreatedOnToolsVersion = 15.0.1;
					};
					98F96B7A2B1C757500EB692E = {
						CreatedOnToolsVersion = 15.0.1;
						TestTargetID = 98F96B642B1C757300EB692E;
					};
					98F96B842B1C757500EB692E = {
						CreatedOnToolsVersion = 15.0.1;
						TestTargetID = 98F96B642B1C757300EB692E;
					};
				};
			};
			buildConfigurationList = 98F96B602B1C757300EB692E /* Build configuration list for PBXProject "RickAndMorty" */;
			compatibilityVersion = "Xcode 14.0";
			developmentRegion = en;
			hasScannedForEncodings = 0;
			knownRegions = (
				en,
				Base,
			);
			mainGroup = 98F96B5C2B1C757300EB692E;
			productRefGroup = 98F96B662B1C757300EB692E /* Products */;
			projectDirPath = "";
			projectRoot = "";
			targets = (
				98F96B642B1C757300EB692E /* RickAndMorty */,
				98F96B7A2B1C757500EB692E /* RickAndMortyTests */,
				98F96B842B1C757500EB692E /* RickAndMortyUITests */,
			);
		};
/* End PBXProject section */

/* Begin PBXResourcesBuildPhase section */
		98F96B632B1C757300EB692E /* Resources */ = {
			isa = PBXResourcesBuildPhase;
			buildActionMask = 2147483647;
			files = (
				98F96B752B1C757500EB692E /* LaunchScreen.storyboard in Resources */,
				98F96B722B1C757500EB692E /* Assets.xcassets in Resources */,
			);
			runOnlyForDeploymentPostprocessing = 0;
		};
		98F96B792B1C757500EB692E /* Resources */ = {
			isa = PBXResourcesBuildPhase;
			buildActionMask = 2147483647;
			files = (
			);
			runOnlyForDeploymentPostprocessing = 0;
		};
		98F96B832B1C757500EB692E /* Resources */ = {
			isa = PBXResourcesBuildPhase;
			buildActionMask = 2147483647;
			files = (
			);
			runOnlyForDeploymentPostprocessing = 0;
		};
/* End PBXResourcesBuildPhase section */

/* Begin PBXSourcesBuildPhase section */
		98F96B612B1C757300EB692E /* Sources */ = {
			isa = PBXSourcesBuildPhase;
			buildActionMask = 2147483647;
			files = (
				985B4E352B1F1EC800D65A91 /* RMCharacterLVVIewModel.swift in Sources */,
				989E85DF2B1DC59F00BC8727 /* RMOrigin.swift in Sources */,
				98F96BA92B1CA62C00EB692E /* RMLocationViewController.swift in Sources */,
				98F96BA42B1CA4BB00EB692E /* RmEpisode.swift in Sources */,
				98F96B6D2B1C757300EB692E /* RMTabBarController.swift in Sources */,
				985B4E3B2B1F374F00D65A91 /* RMCharacterCollectionViewCell.swift in Sources */,
				98F96BAB2B1CA63900EB692E /* RMEpisodeViewController.swift in Sources */,
				98F96B692B1C757300EB692E /* AppDelegate.swift in Sources */,
				985B4E3D2B1F39F600D65A91 /* RMCharacterCollectionViewCellVewModel.swift in Sources */,
				985B4E392B1F291400D65A91 /* Extensions.swift in Sources */,
				989E85E12B1DC69400BC8727 /* RMCharacterStatGen.swift in Sources */,
				98F96B6B2B1C757300EB692E /* SceneDelegate.swift in Sources */,
				98F96BAD2B1CA64800EB692E /* RMSettingsViewController.swift in Sources */,
				989E85D92B1DA9D500BC8727 /* RMService.swift in Sources */,
				989E85DB2B1DA9E700BC8727 /* RMRequest.swift in Sources */,
				985B4E372B1F1FCE00D65A91 /* RMCharacterListView.swift in Sources */,
				989E85DD2B1DAAD900BC8727 /* RMEndpoint.swift in Sources */,
				98F96BA22B1CA4B300EB692E /* RmCharacter.swift in Sources */,
				98F96BA02B1CA4A200EB692E /* RMLocation.swift in Sources */,
				985B4E332B1F119A00D65A91 /* RMGetAllCharacterResponse.swift in Sources */,
				98F96BA72B1CA5EE00EB692E /* RMCharacterViewController.swift in Sources */,
			);
			runOnlyForDeploymentPostprocessing = 0;
		};
		98F96B772B1C757500EB692E /* Sources */ = {
			isa = PBXSourcesBuildPhase;
			buildActionMask = 2147483647;
			files = (
				98F96B802B1C757500EB692E /* RickAndMortyTests.swift in Sources */,
			);
			runOnlyForDeploymentPostprocessing = 0;
		};
		98F96B812B1C757500EB692E /* Sources */ = {
			isa = PBXSourcesBuildPhase;
			buildActionMask = 2147483647;
			files = (
				98F96B8A2B1C757500EB692E /* RickAndMortyUITests.swift in Sources */,
				98F96B8C2B1C757500EB692E /* RickAndMortyUITestsLaunchTests.swift in Sources */,
			);
			runOnlyForDeploymentPostprocessing = 0;
		};
/* End PBXSourcesBuildPhase section */

/* Begin PBXTargetDependency section */
		98F96B7D2B1C757500EB692E /* PBXTargetDependency */ = {
			isa = PBXTargetDependency;
			target = 98F96B642B1C757300EB692E /* RickAndMorty */;
			targetProxy = 98F96B7C2B1C757500EB692E /* PBXContainerItemProxy */;
		};
		98F96B872B1C757500EB692E /* PBXTargetDependency */ = {
			isa = PBXTargetDependency;
			target = 98F96B642B1C757300EB692E /* RickAndMorty */;
			targetProxy = 98F96B862B1C757500EB692E /* PBXContainerItemProxy */;
		};
/* End PBXTargetDependency section */

/* Begin PBXVariantGroup section */
		98F96B732B1C757500EB692E /* LaunchScreen.storyboard */ = {
			isa = PBXVariantGroup;
			children = (
				98F96B742B1C757500EB692E /* Base */,
			);
			name = LaunchScreen.storyboard;
			sourceTree = "<group>";
		};
/* End PBXVariantGroup section */

/* Begin XCBuildConfiguration section */
		98F96B8D2B1C757500EB692E /* Debug */ = {
			isa = XCBuildConfiguration;
			buildSettings = {
				ALWAYS_SEARCH_USER_PATHS = NO;
				ASSETCATALOG_COMPILER_GENERATE_SWIFT_ASSET_SYMBOL_EXTENSIONS = YES;
				CLANG_ANALYZER_NONNULL = YES;
				CLANG_ANALYZER_NUMBER_OBJECT_CONVERSION = YES_AGGRESSIVE;
				CLANG_CXX_LANGUAGE_STANDARD = "gnu++20";
				CLANG_ENABLE_MODULES = YES;
				CLANG_ENABLE_OBJC_ARC = YES;
				CLANG_ENABLE_OBJC_WEAK = YES;
				CLANG_WARN_BLOCK_CAPTURE_AUTORELEASING = YES;
				CLANG_WARN_BOOL_CONVERSION = YES;
				CLANG_WARN_COMMA = YES;
				CLANG_WARN_CONSTANT_CONVERSION = YES;
				CLANG_WARN_DEPRECATED_OBJC_IMPLEMENTATIONS = YES;
				CLANG_WARN_DIRECT_OBJC_ISA_USAGE = YES_ERROR;
				CLANG_WARN_DOCUMENTATION_COMMENTS = YES;
				CLANG_WARN_EMPTY_BODY = YES;
				CLANG_WARN_ENUM_CONVERSION = YES;
				CLANG_WARN_INFINITE_RECURSION = YES;
				CLANG_WARN_INT_CONVERSION = YES;
				CLANG_WARN_NON_LITERAL_NULL_CONVERSION = YES;
				CLANG_WARN_OBJC_IMPLICIT_RETAIN_SELF = YES;
				CLANG_WARN_OBJC_LITERAL_CONVERSION = YES;
				CLANG_WARN_OBJC_ROOT_CLASS = YES_ERROR;
				CLANG_WARN_QUOTED_INCLUDE_IN_FRAMEWORK_HEADER = YES;
				CLANG_WARN_RANGE_LOOP_ANALYSIS = YES;
				CLANG_WARN_STRICT_PROTOTYPES = YES;
				CLANG_WARN_SUSPICIOUS_MOVE = YES;
				CLANG_WARN_UNGUARDED_AVAILABILITY = YES_AGGRESSIVE;
				CLANG_WARN_UNREACHABLE_CODE = YES;
				CLANG_WARN__DUPLICATE_METHOD_MATCH = YES;
				COPY_PHASE_STRIP = NO;
				DEBUG_INFORMATION_FORMAT = dwarf;
				ENABLE_STRICT_OBJC_MSGSEND = YES;
				ENABLE_TESTABILITY = YES;
				ENABLE_USER_SCRIPT_SANDBOXING = YES;
				GCC_C_LANGUAGE_STANDARD = gnu17;
				GCC_DYNAMIC_NO_PIC = NO;
				GCC_NO_COMMON_BLOCKS = YES;
				GCC_OPTIMIZATION_LEVEL = 0;
				GCC_PREPROCESSOR_DEFINITIONS = (
					"DEBUG=1",
					"$(inherited)",
				);
				GCC_WARN_64_TO_32_BIT_CONVERSION = YES;
				GCC_WARN_ABOUT_RETURN_TYPE = YES_ERROR;
				GCC_WARN_UNDECLARED_SELECTOR = YES;
				GCC_WARN_UNINITIALIZED_AUTOS = YES_AGGRESSIVE;
				GCC_WARN_UNUSED_FUNCTION = YES;
				GCC_WARN_UNUSED_VARIABLE = YES;
				IPHONEOS_DEPLOYMENT_TARGET = 17.0;
				LOCALIZATION_PREFERS_STRING_CATALOGS = YES;
				MTL_ENABLE_DEBUG_INFO = INCLUDE_SOURCE;
				MTL_FAST_MATH = YES;
				ONLY_ACTIVE_ARCH = YES;
				SDKROOT = iphoneos;
				SWIFT_ACTIVE_COMPILATION_CONDITIONS = "DEBUG $(inherited)";
				SWIFT_OPTIMIZATION_LEVEL = "-Onone";
			};
			name = Debug;
		};
		98F96B8E2B1C757500EB692E /* Release */ = {
			isa = XCBuildConfiguration;
			buildSettings = {
				ALWAYS_SEARCH_USER_PATHS = NO;
				ASSETCATALOG_COMPILER_GENERATE_SWIFT_ASSET_SYMBOL_EXTENSIONS = YES;
				CLANG_ANALYZER_NONNULL = YES;
				CLANG_ANALYZER_NUMBER_OBJECT_CONVERSION = YES_AGGRESSIVE;
				CLANG_CXX_LANGUAGE_STANDARD = "gnu++20";
				CLANG_ENABLE_MODULES = YES;
				CLANG_ENABLE_OBJC_ARC = YES;
				CLANG_ENABLE_OBJC_WEAK = YES;
				CLANG_WARN_BLOCK_CAPTURE_AUTORELEASING = YES;
				CLANG_WARN_BOOL_CONVERSION = YES;
				CLANG_WARN_COMMA = YES;
				CLANG_WARN_CONSTANT_CONVERSION = YES;
				CLANG_WARN_DEPRECATED_OBJC_IMPLEMENTATIONS = YES;
				CLANG_WARN_DIRECT_OBJC_ISA_USAGE = YES_ERROR;
				CLANG_WARN_DOCUMENTATION_COMMENTS = YES;
				CLANG_WARN_EMPTY_BODY = YES;
				CLANG_WARN_ENUM_CONVERSION = YES;
				CLANG_WARN_INFINITE_RECURSION = YES;
				CLANG_WARN_INT_CONVERSION = YES;
				CLANG_WARN_NON_LITERAL_NULL_CONVERSION = YES;
				CLANG_WARN_OBJC_IMPLICIT_RETAIN_SELF = YES;
				CLANG_WARN_OBJC_LITERAL_CONVERSION = YES;
				CLANG_WARN_OBJC_ROOT_CLASS = YES_ERROR;
				CLANG_WARN_QUOTED_INCLUDE_IN_FRAMEWORK_HEADER = YES;
				CLANG_WARN_RANGE_LOOP_ANALYSIS = YES;
				CLANG_WARN_STRICT_PROTOTYPES = YES;
				CLANG_WARN_SUSPICIOUS_MOVE = YES;
				CLANG_WARN_UNGUARDED_AVAILABILITY = YES_AGGRESSIVE;
				CLANG_WARN_UNREACHABLE_CODE = YES;
				CLANG_WARN__DUPLICATE_METHOD_MATCH = YES;
				COPY_PHASE_STRIP = NO;
				DEBUG_INFORMATION_FORMAT = "dwarf-with-dsym";
				ENABLE_NS_ASSERTIONS = NO;
				ENABLE_STRICT_OBJC_MSGSEND = YES;
				ENABLE_USER_SCRIPT_SANDBOXING = YES;
				GCC_C_LANGUAGE_STANDARD = gnu17;
				GCC_NO_COMMON_BLOCKS = YES;
				GCC_WARN_64_TO_32_BIT_CONVERSION = YES;
				GCC_WARN_ABOUT_RETURN_TYPE = YES_ERROR;
				GCC_WARN_UNDECLARED_SELECTOR = YES;
				GCC_WARN_UNINITIALIZED_AUTOS = YES_AGGRESSIVE;
				GCC_WARN_UNUSED_FUNCTION = YES;
				GCC_WARN_UNUSED_VARIABLE = YES;
				IPHONEOS_DEPLOYMENT_TARGET = 17.0;
				LOCALIZATION_PREFERS_STRING_CATALOGS = YES;
				MTL_ENABLE_DEBUG_INFO = NO;
				MTL_FAST_MATH = YES;
				SDKROOT = iphoneos;
				SWIFT_COMPILATION_MODE = wholemodule;
				VALIDATE_PRODUCT = YES;
			};
			name = Release;
		};
		98F96B902B1C757500EB692E /* Debug */ = {
			isa = XCBuildConfiguration;
			buildSettings = {
				ASSETCATALOG_COMPILER_APPICON_NAME = AppIcon;
				ASSETCATALOG_COMPILER_GLOBAL_ACCENT_COLOR_NAME = AccentColor;
				CODE_SIGN_STYLE = Automatic;
				CURRENT_PROJECT_VERSION = 1;
				DEVELOPMENT_TEAM = SMWHHSJ77H;
				GENERATE_INFOPLIST_FILE = YES;
				INFOPLIST_FILE = RickAndMorty/Info.plist;
				INFOPLIST_KEY_UIApplicationSupportsIndirectInputEvents = YES;
				INFOPLIST_KEY_UILaunchStoryboardName = LaunchScreen;
				INFOPLIST_KEY_UISupportedInterfaceOrientations_iPad = "UIInterfaceOrientationPortrait UIInterfaceOrientationPortraitUpsideDown UIInterfaceOrientationLandscapeLeft UIInterfaceOrientationLandscapeRight";
				INFOPLIST_KEY_UISupportedInterfaceOrientations_iPhone = "UIInterfaceOrientationPortrait UIInterfaceOrientationLandscapeLeft UIInterfaceOrientationLandscapeRight";
				LD_RUNPATH_SEARCH_PATHS = (
					"$(inherited)",
					"@executable_path/Frameworks",
				);
				MARKETING_VERSION = 1.0;
				PRODUCT_BUNDLE_IDENTIFIER = com.kkeb.RickAndMorty;
				PRODUCT_NAME = "$(TARGET_NAME)";
				SWIFT_EMIT_LOC_STRINGS = YES;
				SWIFT_VERSION = 5.0;
				TARGETED_DEVICE_FAMILY = "1,2";
			};
			name = Debug;
		};
		98F96B912B1C757500EB692E /* Release */ = {
			isa = XCBuildConfiguration;
			buildSettings = {
				ASSETCATALOG_COMPILER_APPICON_NAME = AppIcon;
				ASSETCATALOG_COMPILER_GLOBAL_ACCENT_COLOR_NAME = AccentColor;
				CODE_SIGN_STYLE = Automatic;
				CURRENT_PROJECT_VERSION = 1;
				DEVELOPMENT_TEAM = SMWHHSJ77H;
				GENERATE_INFOPLIST_FILE = YES;
				INFOPLIST_FILE = RickAndMorty/Info.plist;
				INFOPLIST_KEY_UIApplicationSupportsIndirectInputEvents = YES;
				INFOPLIST_KEY_UILaunchStoryboardName = LaunchScreen;
				INFOPLIST_KEY_UISupportedInterfaceOrientations_iPad = "UIInterfaceOrientationPortrait UIInterfaceOrientationPortraitUpsideDown UIInterfaceOrientationLandscapeLeft UIInterfaceOrientationLandscapeRight";
				INFOPLIST_KEY_UISupportedInterfaceOrientations_iPhone = "UIInterfaceOrientationPortrait UIInterfaceOrientationLandscapeLeft UIInterfaceOrientationLandscapeRight";
				LD_RUNPATH_SEARCH_PATHS = (
					"$(inherited)",
					"@executable_path/Frameworks",
				);
				MARKETING_VERSION = 1.0;
				PRODUCT_BUNDLE_IDENTIFIER = com.kkeb.RickAndMorty;
				PRODUCT_NAME = "$(TARGET_NAME)";
				SWIFT_EMIT_LOC_STRINGS = YES;
				SWIFT_VERSION = 5.0;
				TARGETED_DEVICE_FAMILY = "1,2";
			};
			name = Release;
		};
		98F96B932B1C757500EB692E /* Debug */ = {
			isa = XCBuildConfiguration;
			buildSettings = {
				ALWAYS_EMBED_SWIFT_STANDARD_LIBRARIES = YES;
				BUNDLE_LOADER = "$(TEST_HOST)";
				CODE_SIGN_STYLE = Automatic;
				CURRENT_PROJECT_VERSION = 1;
				GENERATE_INFOPLIST_FILE = YES;
				IPHONEOS_DEPLOYMENT_TARGET = 17.0;
				MARKETING_VERSION = 1.0;
				PRODUCT_BUNDLE_IDENTIFIER = com.kkeb.RickAndMortyTests;
				PRODUCT_NAME = "$(TARGET_NAME)";
				SWIFT_EMIT_LOC_STRINGS = NO;
				SWIFT_VERSION = 5.0;
				TARGETED_DEVICE_FAMILY = "1,2";
				TEST_HOST = "$(BUILT_PRODUCTS_DIR)/RickAndMorty.app/$(BUNDLE_EXECUTABLE_FOLDER_PATH)/RickAndMorty";
			};
			name = Debug;
		};
		98F96B942B1C757500EB692E /* Release */ = {
			isa = XCBuildConfiguration;
			buildSettings = {
				ALWAYS_EMBED_SWIFT_STANDARD_LIBRARIES = YES;
				BUNDLE_LOADER = "$(TEST_HOST)";
				CODE_SIGN_STYLE = Automatic;
				CURRENT_PROJECT_VERSION = 1;
				GENERATE_INFOPLIST_FILE = YES;
				IPHONEOS_DEPLOYMENT_TARGET = 17.0;
				MARKETING_VERSION = 1.0;
				PRODUCT_BUNDLE_IDENTIFIER = com.kkeb.RickAndMortyTests;
				PRODUCT_NAME = "$(TARGET_NAME)";
				SWIFT_EMIT_LOC_STRINGS = NO;
				SWIFT_VERSION = 5.0;
				TARGETED_DEVICE_FAMILY = "1,2";
				TEST_HOST = "$(BUILT_PRODUCTS_DIR)/RickAndMorty.app/$(BUNDLE_EXECUTABLE_FOLDER_PATH)/RickAndMorty";
			};
			name = Release;
		};
		98F96B962B1C757500EB692E /* Debug */ = {
			isa = XCBuildConfiguration;
			buildSettings = {
				ALWAYS_EMBED_SWIFT_STANDARD_LIBRARIES = YES;
				CODE_SIGN_STYLE = Automatic;
				CURRENT_PROJECT_VERSION = 1;
				GENERATE_INFOPLIST_FILE = YES;
				MARKETING_VERSION = 1.0;
				PRODUCT_BUNDLE_IDENTIFIER = com.kkeb.RickAndMortyUITests;
				PRODUCT_NAME = "$(TARGET_NAME)";
				SWIFT_EMIT_LOC_STRINGS = NO;
				SWIFT_VERSION = 5.0;
				TARGETED_DEVICE_FAMILY = "1,2";
				TEST_TARGET_NAME = RickAndMorty;
			};
			name = Debug;
		};
		98F96B972B1C757500EB692E /* Release */ = {
			isa = XCBuildConfiguration;
			buildSettings = {
				ALWAYS_EMBED_SWIFT_STANDARD_LIBRARIES = YES;
				CODE_SIGN_STYLE = Automatic;
				CURRENT_PROJECT_VERSION = 1;
				GENERATE_INFOPLIST_FILE = YES;
				MARKETING_VERSION = 1.0;
				PRODUCT_BUNDLE_IDENTIFIER = com.kkeb.RickAndMortyUITests;
				PRODUCT_NAME = "$(TARGET_NAME)";
				SWIFT_EMIT_LOC_STRINGS = NO;
				SWIFT_VERSION = 5.0;
				TARGETED_DEVICE_FAMILY = "1,2";
				TEST_TARGET_NAME = RickAndMorty;
			};
			name = Release;
		};
/* End XCBuildConfiguration section */

/* Begin XCConfigurationList section */
		98F96B602B1C757300EB692E /* Build configuration list for PBXProject "RickAndMorty" */ = {
			isa = XCConfigurationList;
			buildConfigurations = (
				98F96B8D2B1C757500EB692E /* Debug */,
				98F96B8E2B1C757500EB692E /* Release */,
			);
			defaultConfigurationIsVisible = 0;
			defaultConfigurationName = Release;
		};
		98F96B8F2B1C757500EB692E /* Build configuration list for PBXNativeTarget "RickAndMorty" */ = {
			isa = XCConfigurationList;
			buildConfigurations = (
				98F96B902B1C757500EB692E /* Debug */,
				98F96B912B1C757500EB692E /* Release */,
			);
			defaultConfigurationIsVisible = 0;
			defaultConfigurationName = Release;
		};
		98F96B922B1C757500EB692E /* Build configuration list for PBXNativeTarget "RickAndMortyTests" */ = {
			isa = XCConfigurationList;
			buildConfigurations = (
				98F96B932B1C757500EB692E /* Debug */,
				98F96B942B1C757500EB692E /* Release */,
			);
			defaultConfigurationIsVisible = 0;
			defaultConfigurationName = Release;
		};
		98F96B952B1C757500EB692E /* Build configuration list for PBXNativeTarget "RickAndMortyUITests" */ = {
			isa = XCConfigurationList;
			buildConfigurations = (
				98F96B962B1C757500EB692E /* Debug */,
				98F96B972B1C757500EB692E /* Release */,
			);
			defaultConfigurationIsVisible = 0;
			defaultConfigurationName = Release;
		};
/* End XCConfigurationList section */
	};
	rootObject = 98F96B5D2B1C757300EB692E /* Project object */;
}
